
Microsoft Visual Studio Solution File, Format Version 12.00
# Visual Studio Version 17
VisualStudioVersion = 17.7.34302.85
MinimumVisualStudioVersion = 10.0.40219.1
Project("{FAE04EC0-301F-11D3-BF4B-00C04F79EFBC}") = "NdcIntegrations.Domain", "NdcIntegrations.Domain\NdcIntegrations.Domain.csproj", "{95097054-9F79-41CE-9A63-3978CD9ACF9C}"
EndProject
Global
	GlobalSection(SolutionConfigurationPlatforms) = preSolution
		Debug|Any CPU = Debug|Any CPU
		Release|Any CPU = Release|Any CPU
	EndGlobalSection
	GlobalSection(ProjectConfigurationPlatforms) = postSolution
		{95097054-9F79-41CE-9A63-3978CD9ACF9C}.Debug|Any CPU.ActiveCfg = Debug|Any CPU
		{95097054-9F79-41CE-9A63-3978CD9ACF9C}.Debug|Any CPU.Build.0 = Debug|Any CPU
		{95097054-9F79-41CE-9A63-3978CD9ACF9C}.Release|Any CPU.ActiveCfg = Release|Any CPU
		{95097054-9F79-41CE-9A63-3978CD9ACF9C}.Release|Any CPU.Build.0 = Release|Any CPU
	EndGlobalSection
	GlobalSection(SolutionProperties) = preSolution
		HideSolutionNode = FALSE
	EndGlobalSection
	GlobalSection(ExtensibilityGlobals) = postSolution
		SolutionGuid = {8D27173F-BA9A-41EF-A604-60C67E2FC0DD}
	EndGlobalSection
EndGlobal
