
Microsoft Visual Studio Solution File, Format Version 12.00
# Visual Studio Version 17
VisualStudioVersion = 17.7.34302.85
MinimumVisualStudioVersion = 10.0.40219.1
Project("{9A19103F-16F7-4668-BE54-9A1E7A4F7556}") = "NdcIntegrations.Core", "NdcIntegrations.Domain\NdcIntegrations.Core.csproj", "{BBF10E9D-BDF9-40CC-B905-CEC0B62D38E1}"
EndProject
Global
	GlobalSection(SolutionConfigurationPlatforms) = preSolution
		Debug|Any CPU = Debug|Any CPU
		Release|Any CPU = Release|Any CPU
	EndGlobalSection
	GlobalSection(ProjectConfigurationPlatforms) = postSolution
		{BBF10E9D-BDF9-40CC-B905-CEC0B62D38E1}.Debug|Any CPU.ActiveCfg = Debug|Any CPU
		{BBF10E9D-BDF9-40CC-B905-CEC0B62D38E1}.Debug|Any CPU.Build.0 = Debug|Any CPU
		{BBF10E9D-BDF9-40CC-B905-CEC0B62D38E1}.Release|Any CPU.ActiveCfg = Release|Any CPU
		{BBF10E9D-BDF9-40CC-B905-CEC0B62D38E1}.Release|Any CPU.Build.0 = Release|Any CPU
	EndGlobalSection
	GlobalSection(SolutionProperties) = preSolution
		HideSolutionNode = FALSE
	EndGlobalSection
	GlobalSection(ExtensibilityGlobals) = postSolution
		SolutionGuid = {8D27173F-BA9A-41EF-A604-60C67E2FC0DD}
	EndGlobalSection
EndGlobal
